// !$*UTF8*$!
{
	archiveVersion = 1;
	classes = {
	};
	objectVersion = 55;
	objects = {

/* Begin PBXBuildFile section */
		A59F9D4928C3A77300DA9C5B /* AppDelegate.swift in Sources */ = {isa = PBXBuildFile; fileRef = A59F9D4828C3A77300DA9C5B /* AppDelegate.swift */; };
		A59F9D4B28C3A77300DA9C5B /* SceneDelegate.swift in Sources */ = {isa = PBXBuildFile; fileRef = A59F9D4A28C3A77300DA9C5B /* SceneDelegate.swift */; };
		A59F9D4D28C3A77300DA9C5B /* MainViewController.swift in Sources */ = {isa = PBXBuildFile; fileRef = A59F9D4C28C3A77300DA9C5B /* MainViewController.swift */; };
		A59F9D5228C3A77400DA9C5B /* Assets.xcassets in Resources */ = {isa = PBXBuildFile; fileRef = A59F9D5128C3A77400DA9C5B /* Assets.xcassets */; };
		A59F9D5528C3A77400DA9C5B /* LaunchScreen.storyboard in Resources */ = {isa = PBXBuildFile; fileRef = A59F9D5328C3A77400DA9C5B /* LaunchScreen.storyboard */; };
		A59F9D6328C3A88800DA9C5B /* ModuleBuilder.swift in Sources */ = {isa = PBXBuildFile; fileRef = A59F9D6228C3A88800DA9C5B /* ModuleBuilder.swift */; };
		A59F9D6528C3A89500DA9C5B /* Coordinator.swift in Sources */ = {isa = PBXBuildFile; fileRef = A59F9D6428C3A89500DA9C5B /* Coordinator.swift */; };
/* End PBXBuildFile section */

/* Begin PBXFileReference section */
		A59F9D4528C3A77300DA9C5B /* WhiteAndFluffyTestProject.app */ = {isa = PBXFileReference; explicitFileType = wrapper.application; includeInIndex = 0; path = WhiteAndFluffyTestProject.app; sourceTree = BUILT_PRODUCTS_DIR; };
		A59F9D4828C3A77300DA9C5B /* AppDelegate.swift */ = {isa = PBXFileReference; lastKnownFileType = sourcecode.swift; path = AppDelegate.swift; sourceTree = "<group>"; };
		A59F9D4A28C3A77300DA9C5B /* SceneDelegate.swift */ = {isa = PBXFileReference; lastKnownFileType = sourcecode.swift; path = SceneDelegate.swift; sourceTree = "<group>"; };
		A59F9D4C28C3A77300DA9C5B /* MainViewController.swift */ = {isa = PBXFileReference; lastKnownFileType = sourcecode.swift; path = MainViewController.swift; sourceTree = "<group>"; };
		A59F9D5128C3A77400DA9C5B /* Assets.xcassets */ = {isa = PBXFileReference; lastKnownFileType = folder.assetcatalog; path = Assets.xcassets; sourceTree = "<group>"; };
		A59F9D5428C3A77400DA9C5B /* Base */ = {isa = PBXFileReference; lastKnownFileType = file.storyboard; name = Base; path = Base.lproj/LaunchScreen.storyboard; sourceTree = "<group>"; };
		A59F9D5628C3A77400DA9C5B /* Info.plist */ = {isa = PBXFileReference; lastKnownFileType = text.plist.xml; path = Info.plist; sourceTree = "<group>"; };
		A59F9D6228C3A88800DA9C5B /* ModuleBuilder.swift */ = {isa = PBXFileReference; lastKnownFileType = sourcecode.swift; path = ModuleBuilder.swift; sourceTree = "<group>"; };
		A59F9D6428C3A89500DA9C5B /* Coordinator.swift */ = {isa = PBXFileReference; lastKnownFileType = sourcecode.swift; path = Coordinator.swift; sourceTree = "<group>"; };
/* End PBXFileReference section */

/* Begin PBXFrameworksBuildPhase section */
		A59F9D4228C3A77300DA9C5B /* Frameworks */ = {
			isa = PBXFrameworksBuildPhase;
			buildActionMask = 2147483647;
			files = (
			);
			runOnlyForDeploymentPostprocessing = 0;
		};
/* End PBXFrameworksBuildPhase section */

/* Begin PBXGroup section */
		A59F9D3C28C3A77300DA9C5B = {
			isa = PBXGroup;
			children = (
				A59F9D4728C3A77300DA9C5B /* WhiteAndFluffyTestProject */,
				A59F9D4628C3A77300DA9C5B /* Products */,
			);
			sourceTree = "<group>";
		};
		A59F9D4628C3A77300DA9C5B /* Products */ = {
			isa = PBXGroup;
			children = (
				A59F9D4528C3A77300DA9C5B /* WhiteAndFluffyTestProject.app */,
			);
			name = Products;
			sourceTree = "<group>";
		};
		A59F9D4728C3A77300DA9C5B /* WhiteAndFluffyTestProject */ = {
			isa = PBXGroup;
			children = (
				A59F9D5C28C3A79E00DA9C5B /* App */,
				A59F9D5D28C3A81D00DA9C5B /* Modules */,
				A59F9D6028C3A85200DA9C5B /* Storyboards */,
				A59F9D6128C3A85E00DA9C5B /* Helpers */,
			);
			path = WhiteAndFluffyTestProject;
			sourceTree = "<group>";
		};
		A59F9D5C28C3A79E00DA9C5B /* App */ = {
			isa = PBXGroup;
			children = (
				A59F9D4828C3A77300DA9C5B /* AppDelegate.swift */,
				A59F9D4A28C3A77300DA9C5B /* SceneDelegate.swift */,
				A59F9D6228C3A88800DA9C5B /* ModuleBuilder.swift */,
				A59F9D6428C3A89500DA9C5B /* Coordinator.swift */,
				A59F9D5628C3A77400DA9C5B /* Info.plist */,
			);
			path = App;
			sourceTree = "<group>";
		};
		A59F9D5D28C3A81D00DA9C5B /* Modules */ = {
			isa = PBXGroup;
			children = (
				A59F9D5E28C3A82D00DA9C5B /* MainModule */,
			);
			path = Modules;
			sourceTree = "<group>";
		};
		A59F9D5E28C3A82D00DA9C5B /* MainModule */ = {
			isa = PBXGroup;
			children = (
				A59F9D5F28C3A83700DA9C5B /* Views */,
			);
			path = MainModule;
			sourceTree = "<group>";
		};
		A59F9D5F28C3A83700DA9C5B /* Views */ = {
			isa = PBXGroup;
			children = (
				A59F9D4C28C3A77300DA9C5B /* MainViewController.swift */,
			);
			path = Views;
			sourceTree = "<group>";
		};
		A59F9D6028C3A85200DA9C5B /* Storyboards */ = {
			isa = PBXGroup;
			children = (
				A59F9D5328C3A77400DA9C5B /* LaunchScreen.storyboard */,
			);
			path = Storyboards;
			sourceTree = "<group>";
		};
		A59F9D6128C3A85E00DA9C5B /* Helpers */ = {
			isa = PBXGroup;
			children = (
				A59F9D5128C3A77400DA9C5B /* Assets.xcassets */,
			);
			path = Helpers;
			sourceTree = "<group>";
		};
/* End PBXGroup section */

/* Begin PBXNativeTarget section */
		A59F9D4428C3A77300DA9C5B /* WhiteAndFluffyTestProject */ = {
			isa = PBXNativeTarget;
			buildConfigurationList = A59F9D5928C3A77400DA9C5B /* Build configuration list for PBXNativeTarget "WhiteAndFluffyTestProject" */;
			buildPhases = (
				A59F9D4128C3A77300DA9C5B /* Sources */,
				A59F9D4228C3A77300DA9C5B /* Frameworks */,
				A59F9D4328C3A77300DA9C5B /* Resources */,
			);
			buildRules = (
			);
			dependencies = (
			);
			name = WhiteAndFluffyTestProject;
			productName = WhiteAndFluffyTestProject;
			productReference = A59F9D4528C3A77300DA9C5B /* WhiteAndFluffyTestProject.app */;
			productType = "com.apple.product-type.application";
		};
/* End PBXNativeTarget section */

/* Begin PBXProject section */
		A59F9D3D28C3A77300DA9C5B /* Project object */ = {
			isa = PBXProject;
			attributes = {
				BuildIndependentTargetsInParallel = 1;
				LastSwiftUpdateCheck = 1330;
				LastUpgradeCheck = 1330;
				TargetAttributes = {
					A59F9D4428C3A77300DA9C5B = {
						CreatedOnToolsVersion = 13.3.1;
					};
				};
			};
			buildConfigurationList = A59F9D4028C3A77300DA9C5B /* Build configuration list for PBXProject "WhiteAndFluffyTestProject" */;
			compatibilityVersion = "Xcode 13.0";
			developmentRegion = en;
			hasScannedForEncodings = 0;
			knownRegions = (
				en,
				Base,
			);
			mainGroup = A59F9D3C28C3A77300DA9C5B;
			productRefGroup = A59F9D4628C3A77300DA9C5B /* Products */;
			projectDirPath = "";
			projectRoot = "";
			targets = (
				A59F9D4428C3A77300DA9C5B /* WhiteAndFluffyTestProject */,
			);
		};
/* End PBXProject section */

/* Begin PBXResourcesBuildPhase section */
		A59F9D4328C3A77300DA9C5B /* Resources */ = {
			isa = PBXResourcesBuildPhase;
			buildActionMask = 2147483647;
			files = (
				A59F9D5528C3A77400DA9C5B /* LaunchScreen.storyboard in Resources */,
				A59F9D5228C3A77400DA9C5B /* Assets.xcassets in Resources */,
			);
			runOnlyForDeploymentPostprocessing = 0;
		};
/* End PBXResourcesBuildPhase section */

/* Begin PBXSourcesBuildPhase section */
		A59F9D4128C3A77300DA9C5B /* Sources */ = {
			isa = PBXSourcesBuildPhase;
			buildActionMask = 2147483647;
			files = (
				A59F9D4D28C3A77300DA9C5B /* MainViewController.swift in Sources */,
				A59F9D4928C3A77300DA9C5B /* AppDelegate.swift in Sources */,
				A59F9D6528C3A89500DA9C5B /* Coordinator.swift in Sources */,
				A59F9D4B28C3A77300DA9C5B /* SceneDelegate.swift in Sources */,
				A59F9D6328C3A88800DA9C5B /* ModuleBuilder.swift in Sources */,
			);
			runOnlyForDeploymentPostprocessing = 0;
		};
/* End PBXSourcesBuildPhase section */

/* Begin PBXVariantGroup section */
		A59F9D5328C3A77400DA9C5B /* LaunchScreen.storyboard */ = {
			isa = PBXVariantGroup;
			children = (
				A59F9D5428C3A77400DA9C5B /* Base */,
			);
			name = LaunchScreen.storyboard;
			sourceTree = "<group>";
		};
/* End PBXVariantGroup section */

/* Begin XCBuildConfiguration section */
		A59F9D5728C3A77400DA9C5B /* Debug */ = {
			isa = XCBuildConfiguration;
			buildSettings = {
				ALWAYS_SEARCH_USER_PATHS = NO;
				CLANG_ANALYZER_NONNULL = YES;
				CLANG_ANALYZER_NUMBER_OBJECT_CONVERSION = YES_AGGRESSIVE;
				CLANG_CXX_LANGUAGE_STANDARD = "gnu++17";
				CLANG_ENABLE_MODULES = YES;
				CLANG_ENABLE_OBJC_ARC = YES;
				CLANG_ENABLE_OBJC_WEAK = YES;
				CLANG_WARN_BLOCK_CAPTURE_AUTORELEASING = YES;
				CLANG_WARN_BOOL_CONVERSION = YES;
				CLANG_WARN_COMMA = YES;
				CLANG_WARN_CONSTANT_CONVERSION = YES;
				CLANG_WARN_DEPRECATED_OBJC_IMPLEMENTATIONS = YES;
				CLANG_WARN_DIRECT_OBJC_ISA_USAGE = YES_ERROR;
				CLANG_WARN_DOCUMENTATION_COMMENTS = YES;
				CLANG_WARN_EMPTY_BODY = YES;
				CLANG_WARN_ENUM_CONVERSION = YES;
				CLANG_WARN_INFINITE_RECURSION = YES;
				CLANG_WARN_INT_CONVERSION = YES;
				CLANG_WARN_NON_LITERAL_NULL_CONVERSION = YES;
				CLANG_WARN_OBJC_IMPLICIT_RETAIN_SELF = YES;
				CLANG_WARN_OBJC_LITERAL_CONVERSION = YES;
				CLANG_WARN_OBJC_ROOT_CLASS = YES_ERROR;
				CLANG_WARN_QUOTED_INCLUDE_IN_FRAMEWORK_HEADER = YES;
				CLANG_WARN_RANGE_LOOP_ANALYSIS = YES;
				CLANG_WARN_STRICT_PROTOTYPES = YES;
				CLANG_WARN_SUSPICIOUS_MOVE = YES;
				CLANG_WARN_UNGUARDED_AVAILABILITY = YES_AGGRESSIVE;
				CLANG_WARN_UNREACHABLE_CODE = YES;
				CLANG_WARN__DUPLICATE_METHOD_MATCH = YES;
				COPY_PHASE_STRIP = NO;
				DEBUG_INFORMATION_FORMAT = dwarf;
				ENABLE_STRICT_OBJC_MSGSEND = YES;
				ENABLE_TESTABILITY = YES;
				GCC_C_LANGUAGE_STANDARD = gnu11;
				GCC_DYNAMIC_NO_PIC = NO;
				GCC_NO_COMMON_BLOCKS = YES;
				GCC_OPTIMIZATION_LEVEL = 0;
				GCC_PREPROCESSOR_DEFINITIONS = (
					"DEBUG=1",
					"$(inherited)",
				);
				GCC_WARN_64_TO_32_BIT_CONVERSION = YES;
				GCC_WARN_ABOUT_RETURN_TYPE = YES_ERROR;
				GCC_WARN_UNDECLARED_SELECTOR = YES;
				GCC_WARN_UNINITIALIZED_AUTOS = YES_AGGRESSIVE;
				GCC_WARN_UNUSED_FUNCTION = YES;
				GCC_WARN_UNUSED_VARIABLE = YES;
				IPHONEOS_DEPLOYMENT_TARGET = 15.4;
				MTL_ENABLE_DEBUG_INFO = INCLUDE_SOURCE;
				MTL_FAST_MATH = YES;
				ONLY_ACTIVE_ARCH = YES;
				SDKROOT = iphoneos;
				SWIFT_ACTIVE_COMPILATION_CONDITIONS = DEBUG;
				SWIFT_OPTIMIZATION_LEVEL = "-Onone";
			};
			name = Debug;
		};
		A59F9D5828C3A77400DA9C5B /* Release */ = {
			isa = XCBuildConfiguration;
			buildSettings = {
				ALWAYS_SEARCH_USER_PATHS = NO;
				CLANG_ANALYZER_NONNULL = YES;
				CLANG_ANALYZER_NUMBER_OBJECT_CONVERSION = YES_AGGRESSIVE;
				CLANG_CXX_LANGUAGE_STANDARD = "gnu++17";
				CLANG_ENABLE_MODULES = YES;
				CLANG_ENABLE_OBJC_ARC = YES;
				CLANG_ENABLE_OBJC_WEAK = YES;
				CLANG_WARN_BLOCK_CAPTURE_AUTORELEASING = YES;
				CLANG_WARN_BOOL_CONVERSION = YES;
				CLANG_WARN_COMMA = YES;
				CLANG_WARN_CONSTANT_CONVERSION = YES;
				CLANG_WARN_DEPRECATED_OBJC_IMPLEMENTATIONS = YES;
				CLANG_WARN_DIRECT_OBJC_ISA_USAGE = YES_ERROR;
				CLANG_WARN_DOCUMENTATION_COMMENTS = YES;
				CLANG_WARN_EMPTY_BODY = YES;
				CLANG_WARN_ENUM_CONVERSION = YES;
				CLANG_WARN_INFINITE_RECURSION = YES;
				CLANG_WARN_INT_CONVERSION = YES;
				CLANG_WARN_NON_LITERAL_NULL_CONVERSION = YES;
				CLANG_WARN_OBJC_IMPLICIT_RETAIN_SELF = YES;
				CLANG_WARN_OBJC_LITERAL_CONVERSION = YES;
				CLANG_WARN_OBJC_ROOT_CLASS = YES_ERROR;
				CLANG_WARN_QUOTED_INCLUDE_IN_FRAMEWORK_HEADER = YES;
				CLANG_WARN_RANGE_LOOP_ANALYSIS = YES;
				CLANG_WARN_STRICT_PROTOTYPES = YES;
				CLANG_WARN_SUSPICIOUS_MOVE = YES;
				CLANG_WARN_UNGUARDED_AVAILABILITY = YES_AGGRESSIVE;
				CLANG_WARN_UNREACHABLE_CODE = YES;
				CLANG_WARN__DUPLICATE_METHOD_MATCH = YES;
				COPY_PHASE_STRIP = NO;
				DEBUG_INFORMATION_FORMAT = "dwarf-with-dsym";
				ENABLE_NS_ASSERTIONS = NO;
				ENABLE_STRICT_OBJC_MSGSEND = YES;
				GCC_C_LANGUAGE_STANDARD = gnu11;
				GCC_NO_COMMON_BLOCKS = YES;
				GCC_WARN_64_TO_32_BIT_CONVERSION = YES;
				GCC_WARN_ABOUT_RETURN_TYPE = YES_ERROR;
				GCC_WARN_UNDECLARED_SELECTOR = YES;
				GCC_WARN_UNINITIALIZED_AUTOS = YES_AGGRESSIVE;
				GCC_WARN_UNUSED_FUNCTION = YES;
				GCC_WARN_UNUSED_VARIABLE = YES;
				IPHONEOS_DEPLOYMENT_TARGET = 15.4;
				MTL_ENABLE_DEBUG_INFO = NO;
				MTL_FAST_MATH = YES;
				SDKROOT = iphoneos;
				SWIFT_COMPILATION_MODE = wholemodule;
				SWIFT_OPTIMIZATION_LEVEL = "-O";
				VALIDATE_PRODUCT = YES;
			};
			name = Release;
		};
		A59F9D5A28C3A77400DA9C5B /* Debug */ = {
			isa = XCBuildConfiguration;
			buildSettings = {
				ASSETCATALOG_COMPILER_APPICON_NAME = AppIcon;
				ASSETCATALOG_COMPILER_GLOBAL_ACCENT_COLOR_NAME = AccentColor;
				CODE_SIGN_STYLE = Automatic;
				CURRENT_PROJECT_VERSION = 1;
				GENERATE_INFOPLIST_FILE = YES;
				INFOPLIST_FILE = WhiteAndFluffyTestProject/App/Info.plist;
				INFOPLIST_KEY_UIApplicationSupportsIndirectInputEvents = YES;
				INFOPLIST_KEY_UILaunchStoryboardName = LaunchScreen;
				INFOPLIST_KEY_UISupportedInterfaceOrientations = UIInterfaceOrientationPortrait;
				INFOPLIST_KEY_UISupportedInterfaceOrientations_iPad = "UIInterfaceOrientationPortrait UIInterfaceOrientationPortraitUpsideDown UIInterfaceOrientationLandscapeLeft UIInterfaceOrientationLandscapeRight";
				INFOPLIST_KEY_UISupportedInterfaceOrientations_iPhone = "UIInterfaceOrientationPortrait UIInterfaceOrientationLandscapeLeft UIInterfaceOrientationLandscapeRight";
				IPHONEOS_DEPLOYMENT_TARGET = 13.0;
				LD_RUNPATH_SEARCH_PATHS = (
					"$(inherited)",
					"@executable_path/Frameworks",
				);
				MARKETING_VERSION = 1.0;
				PRODUCT_BUNDLE_IDENTIFIER = Com.VoloshenkoEV.WhiteAndFluffyTestProject;
				PRODUCT_NAME = "$(TARGET_NAME)";
				SWIFT_EMIT_LOC_STRINGS = YES;
				SWIFT_VERSION = 5.0;
				TARGETED_DEVICE_FAMILY = 1;
			};
			name = Debug;
		};
		A59F9D5B28C3A77400DA9C5B /* Release */ = {
			isa = XCBuildConfiguration;
			buildSettings = {
				ASSETCATALOG_COMPILER_APPICON_NAME = AppIcon;
				ASSETCATALOG_COMPILER_GLOBAL_ACCENT_COLOR_NAME = AccentColor;
				CODE_SIGN_STYLE = Automatic;
				CURRENT_PROJECT_VERSION = 1;
				GENERATE_INFOPLIST_FILE = YES;
				INFOPLIST_FILE = WhiteAndFluffyTestProject/App/Info.plist;
				INFOPLIST_KEY_UIApplicationSupportsIndirectInputEvents = YES;
				INFOPLIST_KEY_UILaunchStoryboardName = LaunchScreen;
				INFOPLIST_KEY_UISupportedInterfaceOrientations = UIInterfaceOrientationPortrait;
				INFOPLIST_KEY_UISupportedInterfaceOrientations_iPad = "UIInterfaceOrientationPortrait UIInterfaceOrientationPortraitUpsideDown UIInterfaceOrientationLandscapeLeft UIInterfaceOrientationLandscapeRight";
				INFOPLIST_KEY_UISupportedInterfaceOrientations_iPhone = "UIInterfaceOrientationPortrait UIInterfaceOrientationLandscapeLeft UIInterfaceOrientationLandscapeRight";
				IPHONEOS_DEPLOYMENT_TARGET = 13.0;
				LD_RUNPATH_SEARCH_PATHS = (
					"$(inherited)",
					"@executable_path/Frameworks",
				);
				MARKETING_VERSION = 1.0;
				PRODUCT_BUNDLE_IDENTIFIER = Com.VoloshenkoEV.WhiteAndFluffyTestProject;
				PRODUCT_NAME = "$(TARGET_NAME)";
				SWIFT_EMIT_LOC_STRINGS = YES;
				SWIFT_VERSION = 5.0;
				TARGETED_DEVICE_FAMILY = 1;
			};
			name = Release;
		};
/* End XCBuildConfiguration section */

/* Begin XCConfigurationList section */
		A59F9D4028C3A77300DA9C5B /* Build configuration list for PBXProject "WhiteAndFluffyTestProject" */ = {
			isa = XCConfigurationList;
			buildConfigurations = (
				A59F9D5728C3A77400DA9C5B /* Debug */,
				A59F9D5828C3A77400DA9C5B /* Release */,
			);
			defaultConfigurationIsVisible = 0;
			defaultConfigurationName = Release;
		};
		A59F9D5928C3A77400DA9C5B /* Build configuration list for PBXNativeTarget "WhiteAndFluffyTestProject" */ = {
			isa = XCConfigurationList;
			buildConfigurations = (
				A59F9D5A28C3A77400DA9C5B /* Debug */,
				A59F9D5B28C3A77400DA9C5B /* Release */,
			);
			defaultConfigurationIsVisible = 0;
			defaultConfigurationName = Release;
		};
/* End XCConfigurationList section */
	};
	rootObject = A59F9D3D28C3A77300DA9C5B /* Project object */;
}
